
Microsoft Visual Studio Solution File, Format Version 12.00
# Visual Studio 15
Project("{FAE04EC0-301F-11D3-BF4B-00C04F79EFBC}") = "VuforiaScripts", "VuforiaScripts.csproj", "{70884E3D-731D-9C33-6443-A437C698469F}"
EndProject
Project("{FAE04EC0-301F-11D3-BF4B-00C04F79EFBC}") = "Assembly-CSharp", "Assembly-CSharp.csproj", "{BDBCE7D3-139D-3EDB-816D-FB1D73476D25}"
EndProject
Project("{FAE04EC0-301F-11D3-BF4B-00C04F79EFBC}") = "VuforiaEditorScripts", "VuforiaEditorScripts.csproj", "{BDBD0335-9922-7C1F-CEA1-749541A8E17B}"
EndProject
Global
	GlobalSection(SolutionConfigurationPlatforms) = preSolution
		Debug|Any CPU = Debug|Any CPU
		Release|Any CPU = Release|Any CPU
	EndGlobalSection
	GlobalSection(ProjectConfigurationPlatforms) = postSolution
		{70884E3D-731D-9C33-6443-A437C698469F}.Debug|Any CPU.ActiveCfg = Debug|Any CPU
		{70884E3D-731D-9C33-6443-A437C698469F}.Debug|Any CPU.Build.0 = Debug|Any CPU
		{70884E3D-731D-9C33-6443-A437C698469F}.Release|Any CPU.ActiveCfg = Release|Any CPU
		{70884E3D-731D-9C33-6443-A437C698469F}.Release|Any CPU.Build.0 = Release|Any CPU
		{BDBCE7D3-139D-3EDB-816D-FB1D73476D25}.Debug|Any CPU.ActiveCfg = Debug|Any CPU
		{BDBCE7D3-139D-3EDB-816D-FB1D73476D25}.Debug|Any CPU.Build.0 = Debug|Any CPU
		{BDBCE7D3-139D-3EDB-816D-FB1D73476D25}.Release|Any CPU.ActiveCfg = Release|Any CPU
		{BDBCE7D3-139D-3EDB-816D-FB1D73476D25}.Release|Any CPU.Build.0 = Release|Any CPU
		{BDBD0335-9922-7C1F-CEA1-749541A8E17B}.Debug|Any CPU.ActiveCfg = Debug|Any CPU
		{BDBD0335-9922-7C1F-CEA1-749541A8E17B}.Debug|Any CPU.Build.0 = Debug|Any CPU
		{BDBD0335-9922-7C1F-CEA1-749541A8E17B}.Release|Any CPU.ActiveCfg = Release|Any CPU
		{BDBD0335-9922-7C1F-CEA1-749541A8E17B}.Release|Any CPU.Build.0 = Release|Any CPU
	EndGlobalSection
	GlobalSection(SolutionProperties) = preSolution
		HideSolutionNode = FALSE
	EndGlobalSection
	GlobalSection(MonoDevelopProperties) = preSolution
		StartupItem = Assembly-CSharp.csproj
	EndGlobalSection
EndGlobal
